PODS:
  - Flutter (1.0.0)
  - YubiKit (4.2.0)
  - yubikit_flutter (0.0.29):
    - Flutter
    - YubiKit (~> 4.2.0)

DEPENDENCIES:
  - Flutter (from `Flutter`)
  - yubikit_flutter (from `.symlinks/plugins/yubikit_flutter/ios`)

SPEC REPOS:
  trunk:
    - YubiKit

EXTERNAL SOURCES:
  Flutter:
    :path: Flutter
  yubikit_flutter:
    :path: ".symlinks/plugins/yubikit_flutter/ios"

SPEC CHECKSUMS:
  Flutter: 50d75fe2f02b26cc09d224853bb45737f8b3214a
  YubiKit: bde189dbaddc29e41dbda9e2c55ec5a79d38c654
  yubikit_flutter: 3680b75e105206281505b3a2d6958b7f3385dd27

PODFILE CHECKSUM: 3019ef1cdfdd6677c123a53bb400aa1d27e16d1d

COCOAPODS: 1.11.3
